
Microsoft Visual Studio Solution File, Format Version 12.00
# Visual Studio Version 17
VisualStudioVersion = 17.0.32014.148
MinimumVisualStudioVersion = 10.0.40219.1
Project("{FAE04EC0-301F-11D3-BF4B-00C04F79EFBC}") = "BedrockWebSocketTest.Server", "BedrockWebSocketTest.Server\BedrockWebSocketTest.Server.csproj", "{6241A659-BA9D-4A17-89E4-4A2CFD169319}"
EndProject
Project("{FAE04EC0-301F-11D3-BF4B-00C04F79EFBC}") = "BedrockWebSocketTest.Client", "BedrockWebSocketTest.Client\BedrockWebSocketTest.Client.csproj", "{E21A6525-C77F-417B-B95C-5CA8B988BE79}"
EndProject
Global
	GlobalSection(SolutionConfigurationPlatforms) = preSolution
		Debug|Any CPU = Debug|Any CPU
		Release|Any CPU = Release|Any CPU
	EndGlobalSection
	GlobalSection(ProjectConfigurationPlatforms) = postSolution
		{6241A659-BA9D-4A17-89E4-4A2CFD169319}.Debug|Any CPU.ActiveCfg = Debug|Any CPU
		{6241A659-BA9D-4A17-89E4-4A2CFD169319}.Debug|Any CPU.Build.0 = Debug|Any CPU
		{6241A659-BA9D-4A17-89E4-4A2CFD169319}.Release|Any CPU.ActiveCfg = Release|Any CPU
		{6241A659-BA9D-4A17-89E4-4A2CFD169319}.Release|Any CPU.Build.0 = Release|Any CPU
		{E21A6525-C77F-417B-B95C-5CA8B988BE79}.Debug|Any CPU.ActiveCfg = Debug|Any CPU
		{E21A6525-C77F-417B-B95C-5CA8B988BE79}.Debug|Any CPU.Build.0 = Debug|Any CPU
		{E21A6525-C77F-417B-B95C-5CA8B988BE79}.Release|Any CPU.ActiveCfg = Release|Any CPU
		{E21A6525-C77F-417B-B95C-5CA8B988BE79}.Release|Any CPU.Build.0 = Release|Any CPU
	EndGlobalSection
	GlobalSection(SolutionProperties) = preSolution
		HideSolutionNode = FALSE
	EndGlobalSection
	GlobalSection(ExtensibilityGlobals) = postSolution
		SolutionGuid = {685BF3F9-342D-4F8C-9358-7445DD46AFBA}
	EndGlobalSection
EndGlobal
